github.com/go-ruby-rack/rack v0.0.0-20260630124607-8a4f9cfcdbb5 h1:8jrY0g3k1+TbiXz7jV8sXP8UcXSlB1FKcXWkyXZPBQ8=
github.com/go-ruby-rack/rack v0.0.0-20260630124607-8a4f9cfcdbb5/go.mod h1:rKZ3vD81gJq61NvZ3XX9cr6AxtIV3+lFZKG7lPKV3PM=
github.com/go-ruby-rack/rack v0.0.0-20260717072552-0eeee2b1ab82 h1:1wUKvLYf43VJRrtqXOenHJ5bkBy+BBHU+b7PKXTQVkI=
github.com/go-ruby-rack/rack v0.0.0-20260717072552-0eeee2b1ab82/go.mod h1:rKZ3vD81gJq61NvZ3XX9cr6AxtIV3+lFZKG7lPKV3PM=
